
Microsoft Visual Studio Solution File, Format Version 12.00
# Visual Studio 15
VisualStudioVersion = 15.0.28307.1062
MinimumVisualStudioVersion = 10.0.40219.1
Project("{FAE04EC0-301F-11D3-BF4B-00C04F79EFBC}") = "disable-srt", "disable-srt\disable-srt.csproj", "{0D083133-78AD-4419-B01A-46AB1744D8AC}"
EndProject
Global
	GlobalSection(SolutionConfigurationPlatforms) = preSolution
		Debug|Any CPU = Debug|Any CPU
		Release|Any CPU = Release|Any CPU
	EndGlobalSection
	GlobalSection(ProjectConfigurationPlatforms) = postSolution
		{0D083133-78AD-4419-B01A-46AB1744D8AC}.Debug|Any CPU.ActiveCfg = Debug|Any CPU
		{0D083133-78AD-4419-B01A-46AB1744D8AC}.Debug|Any CPU.Build.0 = Debug|Any CPU
		{0D083133-78AD-4419-B01A-46AB1744D8AC}.Release|Any CPU.ActiveCfg = Release|Any CPU
		{0D083133-78AD-4419-B01A-46AB1744D8AC}.Release|Any CPU.Build.0 = Release|Any CPU
	EndGlobalSection
	GlobalSection(SolutionProperties) = preSolution
		HideSolutionNode = FALSE
	EndGlobalSection
	GlobalSection(ExtensibilityGlobals) = postSolution
		SolutionGuid = {A33EA9CF-13B4-4666-9FF4-9579868B8A31}
	EndGlobalSection
EndGlobal
